
Microsoft Visual Studio Solution File, Format Version 12.00
# Visual Studio Version 17
VisualStudioVersion = 17.5.002.0
MinimumVisualStudioVersion = 10.0.40219.1
Project("{9A19103F-16F7-4668-BE54-9A1E7A4F7556}") = "Sample01.Blazor.MAUI.Hybrid.Web.Bootstrap", "Sample01.Blazor.MAUI.Hybrid.Web.Bootstrap\Sample01.Blazor.MAUI.Hybrid.Web.Bootstrap.csproj", "{E3338D37-FF50-4A34-96BD-2716ED93F1E2}"
EndProject
Project("{9A19103F-16F7-4668-BE54-9A1E7A4F7556}") = "Sample01.Blazor.MAUI.Hybrid.Web.Bootstrap.Shared", "Sample01.Blazor.MAUI.Hybrid.Web.Bootstrap.Shared\Sample01.Blazor.MAUI.Hybrid.Web.Bootstrap.Shared.csproj", "{1AA5F22B-62F8-414F-AE50-635E99EB3F76}"
EndProject
Project("{9A19103F-16F7-4668-BE54-9A1E7A4F7556}") = "Sample01.Blazor.MAUI.Hybrid.Web.Bootstrap.Web", "Sample01.Blazor.MAUI.Hybrid.Web.Bootstrap.Web\Sample01.Blazor.MAUI.Hybrid.Web.Bootstrap.Web.csproj", "{C2800ABA-8C19-4553-A552-BFF679BEB039}"
EndProject
Project("{2150E333-8FDC-42A3-9474-1A3956D46DE8}") = "Sample.AppAspire", "Sample.AppAspire", "{71734B47-2737-4884-97B3-B92CDEFDA0BF}"
EndProject
Project("{FAE04EC0-301F-11D3-BF4B-00C04F79EFBC}") = "Sample.AppAspire.AppHost", "..\Sample.AppAspire\Sample.AppAspire.AppHost\Sample.AppAspire.AppHost.csproj", "{C9DFAC86-FBC3-4FE6-B0F3-6125AEDDB67B}"
EndProject
Project("{FAE04EC0-301F-11D3-BF4B-00C04F79EFBC}") = "Sample.AppAspire.ServiceDefaults", "..\Sample.AppAspire\Sample.AppAspire.ServiceDefaults\Sample.AppAspire.ServiceDefaults.csproj", "{F2BB45E5-BC28-48D5-AB89-B54DDB4DF465}"
EndProject
Global
	GlobalSection(SolutionConfigurationPlatforms) = preSolution
		Debug|Any CPU = Debug|Any CPU
		Debug|ARM64 = Debug|ARM64
		Debug|x64 = Debug|x64
		Debug|x86 = Debug|x86
		Release|Any CPU = Release|Any CPU
		Release|ARM64 = Release|ARM64
		Release|x64 = Release|x64
		Release|x86 = Release|x86
	EndGlobalSection
	GlobalSection(ProjectConfigurationPlatforms) = postSolution
		{1AA5F22B-62F8-414F-AE50-635E99EB3F76}.Debug|Any CPU.ActiveCfg = Debug|Any CPU
		{1AA5F22B-62F8-414F-AE50-635E99EB3F76}.Debug|Any CPU.Build.0 = Debug|Any CPU
		{1AA5F22B-62F8-414F-AE50-635E99EB3F76}.Debug|ARM64.ActiveCfg = Debug|Any CPU
		{1AA5F22B-62F8-414F-AE50-635E99EB3F76}.Debug|ARM64.Build.0 = Debug|Any CPU
		{1AA5F22B-62F8-414F-AE50-635E99EB3F76}.Debug|x64.ActiveCfg = Debug|Any CPU
		{1AA5F22B-62F8-414F-AE50-635E99EB3F76}.Debug|x64.Build.0 = Debug|Any CPU
		{1AA5F22B-62F8-414F-AE50-635E99EB3F76}.Debug|x86.ActiveCfg = Debug|Any CPU
		{1AA5F22B-62F8-414F-AE50-635E99EB3F76}.Debug|x86.Build.0 = Debug|Any CPU
		{1AA5F22B-62F8-414F-AE50-635E99EB3F76}.Release|Any CPU.ActiveCfg = Release|Any CPU
		{1AA5F22B-62F8-414F-AE50-635E99EB3F76}.Release|Any CPU.Build.0 = Release|Any CPU
		{1AA5F22B-62F8-414F-AE50-635E99EB3F76}.Release|ARM64.ActiveCfg = Release|Any CPU
		{1AA5F22B-62F8-414F-AE50-635E99EB3F76}.Release|ARM64.Build.0 = Release|Any CPU
		{1AA5F22B-62F8-414F-AE50-635E99EB3F76}.Release|x64.ActiveCfg = Release|Any CPU
		{1AA5F22B-62F8-414F-AE50-635E99EB3F76}.Release|x64.Build.0 = Release|Any CPU
		{1AA5F22B-62F8-414F-AE50-635E99EB3F76}.Release|x86.ActiveCfg = Release|Any CPU
		{1AA5F22B-62F8-414F-AE50-635E99EB3F76}.Release|x86.Build.0 = Release|Any CPU
		{C2800ABA-8C19-4553-A552-BFF679BEB039}.Debug|Any CPU.ActiveCfg = Debug|Any CPU
		{C2800ABA-8C19-4553-A552-BFF679BEB039}.Debug|Any CPU.Build.0 = Debug|Any CPU
		{C2800ABA-8C19-4553-A552-BFF679BEB039}.Debug|Any CPU.Deploy.0 = Debug|Any CPU
		{C2800ABA-8C19-4553-A552-BFF679BEB039}.Debug|ARM64.ActiveCfg = Debug|Any CPU
		{C2800ABA-8C19-4553-A552-BFF679BEB039}.Debug|ARM64.Build.0 = Debug|Any CPU
		{C2800ABA-8C19-4553-A552-BFF679BEB039}.Debug|ARM64.Deploy.0 = Debug|Any CPU
		{C2800ABA-8C19-4553-A552-BFF679BEB039}.Debug|x64.ActiveCfg = Debug|Any CPU
		{C2800ABA-8C19-4553-A552-BFF679BEB039}.Debug|x64.Build.0 = Debug|Any CPU
		{C2800ABA-8C19-4553-A552-BFF679BEB039}.Debug|x64.Deploy.0 = Debug|Any CPU
		{C2800ABA-8C19-4553-A552-BFF679BEB039}.Debug|x86.ActiveCfg = Debug|Any CPU
		{C2800ABA-8C19-4553-A552-BFF679BEB039}.Debug|x86.Build.0 = Debug|Any CPU
		{C2800ABA-8C19-4553-A552-BFF679BEB039}.Debug|x86.Deploy.0 = Debug|Any CPU
		{C2800ABA-8C19-4553-A552-BFF679BEB039}.Release|Any CPU.ActiveCfg = Release|Any CPU
		{C2800ABA-8C19-4553-A552-BFF679BEB039}.Release|Any CPU.Build.0 = Release|Any CPU
		{C2800ABA-8C19-4553-A552-BFF679BEB039}.Release|Any CPU.Deploy.0 = Release|Any CPU
		{C2800ABA-8C19-4553-A552-BFF679BEB039}.Release|ARM64.ActiveCfg = Release|Any CPU
		{C2800ABA-8C19-4553-A552-BFF679BEB039}.Release|ARM64.Build.0 = Release|Any CPU
		{C2800ABA-8C19-4553-A552-BFF679BEB039}.Release|ARM64.Deploy.0 = Release|Any CPU
		{C2800ABA-8C19-4553-A552-BFF679BEB039}.Release|x64.ActiveCfg = Release|Any CPU
		{C2800ABA-8C19-4553-A552-BFF679BEB039}.Release|x64.Build.0 = Release|Any CPU
		{C2800ABA-8C19-4553-A552-BFF679BEB039}.Release|x64.Deploy.0 = Release|Any CPU
		{C2800ABA-8C19-4553-A552-BFF679BEB039}.Release|x86.ActiveCfg = Release|Any CPU
		{C2800ABA-8C19-4553-A552-BFF679BEB039}.Release|x86.Build.0 = Release|Any CPU
		{C2800ABA-8C19-4553-A552-BFF679BEB039}.Release|x86.Deploy.0 = Release|Any CPU
		{E3338D37-FF50-4A34-96BD-2716ED93F1E2}.Debug|Any CPU.ActiveCfg = Debug|Any CPU
		{E3338D37-FF50-4A34-96BD-2716ED93F1E2}.Debug|Any CPU.Build.0 = Debug|Any CPU
		{E3338D37-FF50-4A34-96BD-2716ED93F1E2}.Debug|Any CPU.Deploy.0 = Debug|Any CPU
		{E3338D37-FF50-4A34-96BD-2716ED93F1E2}.Debug|ARM64.ActiveCfg = Debug|Any CPU
		{E3338D37-FF50-4A34-96BD-2716ED93F1E2}.Debug|ARM64.Build.0 = Debug|Any CPU
		{E3338D37-FF50-4A34-96BD-2716ED93F1E2}.Debug|ARM64.Deploy.0 = Debug|Any CPU
		{E3338D37-FF50-4A34-96BD-2716ED93F1E2}.Debug|x64.ActiveCfg = Debug|Any CPU
		{E3338D37-FF50-4A34-96BD-2716ED93F1E2}.Debug|x64.Build.0 = Debug|Any CPU
		{E3338D37-FF50-4A34-96BD-2716ED93F1E2}.Debug|x64.Deploy.0 = Debug|Any CPU
		{E3338D37-FF50-4A34-96BD-2716ED93F1E2}.Debug|x86.ActiveCfg = Debug|Any CPU
		{E3338D37-FF50-4A34-96BD-2716ED93F1E2}.Debug|x86.Build.0 = Debug|Any CPU
		{E3338D37-FF50-4A34-96BD-2716ED93F1E2}.Debug|x86.Deploy.0 = Debug|Any CPU
		{E3338D37-FF50-4A34-96BD-2716ED93F1E2}.Release|Any CPU.ActiveCfg = Release|Any CPU
		{E3338D37-FF50-4A34-96BD-2716ED93F1E2}.Release|Any CPU.Build.0 = Release|Any CPU
		{E3338D37-FF50-4A34-96BD-2716ED93F1E2}.Release|Any CPU.Deploy.0 = Release|Any CPU
		{E3338D37-FF50-4A34-96BD-2716ED93F1E2}.Release|ARM64.ActiveCfg = Release|Any CPU
		{E3338D37-FF50-4A34-96BD-2716ED93F1E2}.Release|ARM64.Build.0 = Release|Any CPU
		{E3338D37-FF50-4A34-96BD-2716ED93F1E2}.Release|ARM64.Deploy.0 = Release|Any CPU
		{E3338D37-FF50-4A34-96BD-2716ED93F1E2}.Release|x64.ActiveCfg = Release|Any CPU
		{E3338D37-FF50-4A34-96BD-2716ED93F1E2}.Release|x64.Build.0 = Release|Any CPU
		{E3338D37-FF50-4A34-96BD-2716ED93F1E2}.Release|x64.Deploy.0 = Release|Any CPU
		{E3338D37-FF50-4A34-96BD-2716ED93F1E2}.Release|x86.ActiveCfg = Release|Any CPU
		{E3338D37-FF50-4A34-96BD-2716ED93F1E2}.Release|x86.Build.0 = Release|Any CPU
		{E3338D37-FF50-4A34-96BD-2716ED93F1E2}.Release|x86.Deploy.0 = Release|Any CPU
		{9E30318E-74DD-491B-9BAF-814DC9E892B8}.Debug|Any CPU.ActiveCfg = Debug|Any CPU
		{9E30318E-74DD-491B-9BAF-814DC9E892B8}.Debug|Any CPU.Build.0 = Debug|Any CPU
		{9E30318E-74DD-491B-9BAF-814DC9E892B8}.Debug|Any CPU.Deploy.0 = Debug|Any CPU
		{9E30318E-74DD-491B-9BAF-814DC9E892B8}.Debug|ARM64.ActiveCfg = Debug|Any CPU
		{9E30318E-74DD-491B-9BAF-814DC9E892B8}.Debug|ARM64.Build.0 = Debug|Any CPU
		{9E30318E-74DD-491B-9BAF-814DC9E892B8}.Debug|ARM64.Deploy.0 = Debug|Any CPU
		{9E30318E-74DD-491B-9BAF-814DC9E892B8}.Debug|x64.ActiveCfg = Debug|Any CPU
		{9E30318E-74DD-491B-9BAF-814DC9E892B8}.Debug|x64.Build.0 = Debug|Any CPU
		{9E30318E-74DD-491B-9BAF-814DC9E892B8}.Debug|x64.Deploy.0 = Debug|Any CPU
		{9E30318E-74DD-491B-9BAF-814DC9E892B8}.Debug|x86.ActiveCfg = Debug|Any CPU
		{9E30318E-74DD-491B-9BAF-814DC9E892B8}.Debug|x86.Build.0 = Debug|Any CPU
		{9E30318E-74DD-491B-9BAF-814DC9E892B8}.Debug|x86.Deploy.0 = Debug|Any CPU
		{9E30318E-74DD-491B-9BAF-814DC9E892B8}.Release|Any CPU.ActiveCfg = Release|Any CPU
		{9E30318E-74DD-491B-9BAF-814DC9E892B8}.Release|Any CPU.Build.0 = Release|Any CPU
		{9E30318E-74DD-491B-9BAF-814DC9E892B8}.Release|Any CPU.Deploy.0 = Release|Any CPU
		{9E30318E-74DD-491B-9BAF-814DC9E892B8}.Release|ARM64.ActiveCfg = Release|Any CPU
		{9E30318E-74DD-491B-9BAF-814DC9E892B8}.Release|ARM64.Build.0 = Release|Any CPU
		{9E30318E-74DD-491B-9BAF-814DC9E892B8}.Release|ARM64.Deploy.0 = Release|Any CPU
		{9E30318E-74DD-491B-9BAF-814DC9E892B8}.Release|x64.ActiveCfg = Release|Any CPU
		{9E30318E-74DD-491B-9BAF-814DC9E892B8}.Release|x64.Build.0 = Release|Any CPU
		{9E30318E-74DD-491B-9BAF-814DC9E892B8}.Release|x64.Deploy.0 = Release|Any CPU
		{9E30318E-74DD-491B-9BAF-814DC9E892B8}.Release|x86.ActiveCfg = Release|Any CPU
		{9E30318E-74DD-491B-9BAF-814DC9E892B8}.Release|x86.Build.0 = Release|Any CPU
		{9E30318E-74DD-491B-9BAF-814DC9E892B8}.Release|x86.Deploy.0 = Release|Any CPU
		{C9DFAC86-FBC3-4FE6-B0F3-6125AEDDB67B}.Debug|Any CPU.ActiveCfg = Debug|Any CPU
		{C9DFAC86-FBC3-4FE6-B0F3-6125AEDDB67B}.Debug|Any CPU.Build.0 = Debug|Any CPU
		{C9DFAC86-FBC3-4FE6-B0F3-6125AEDDB67B}.Debug|ARM64.ActiveCfg = Debug|Any CPU
		{C9DFAC86-FBC3-4FE6-B0F3-6125AEDDB67B}.Debug|ARM64.Build.0 = Debug|Any CPU
		{C9DFAC86-FBC3-4FE6-B0F3-6125AEDDB67B}.Debug|x64.ActiveCfg = Debug|Any CPU
		{C9DFAC86-FBC3-4FE6-B0F3-6125AEDDB67B}.Debug|x64.Build.0 = Debug|Any CPU
		{C9DFAC86-FBC3-4FE6-B0F3-6125AEDDB67B}.Debug|x86.ActiveCfg = Debug|Any CPU
		{C9DFAC86-FBC3-4FE6-B0F3-6125AEDDB67B}.Debug|x86.Build.0 = Debug|Any CPU
		{C9DFAC86-FBC3-4FE6-B0F3-6125AEDDB67B}.Release|Any CPU.ActiveCfg = Release|Any CPU
		{C9DFAC86-FBC3-4FE6-B0F3-6125AEDDB67B}.Release|Any CPU.Build.0 = Release|Any CPU
		{C9DFAC86-FBC3-4FE6-B0F3-6125AEDDB67B}.Release|ARM64.ActiveCfg = Release|Any CPU
		{C9DFAC86-FBC3-4FE6-B0F3-6125AEDDB67B}.Release|ARM64.Build.0 = Release|Any CPU
		{C9DFAC86-FBC3-4FE6-B0F3-6125AEDDB67B}.Release|x64.ActiveCfg = Release|Any CPU
		{C9DFAC86-FBC3-4FE6-B0F3-6125AEDDB67B}.Release|x64.Build.0 = Release|Any CPU
		{C9DFAC86-FBC3-4FE6-B0F3-6125AEDDB67B}.Release|x86.ActiveCfg = Release|Any CPU
		{C9DFAC86-FBC3-4FE6-B0F3-6125AEDDB67B}.Release|x86.Build.0 = Release|Any CPU
		{F2BB45E5-BC28-48D5-AB89-B54DDB4DF465}.Debug|Any CPU.ActiveCfg = Debug|Any CPU
		{F2BB45E5-BC28-48D5-AB89-B54DDB4DF465}.Debug|Any CPU.Build.0 = Debug|Any CPU
		{F2BB45E5-BC28-48D5-AB89-B54DDB4DF465}.Debug|ARM64.ActiveCfg = Debug|Any CPU
		{F2BB45E5-BC28-48D5-AB89-B54DDB4DF465}.Debug|ARM64.Build.0 = Debug|Any CPU
		{F2BB45E5-BC28-48D5-AB89-B54DDB4DF465}.Debug|x64.ActiveCfg = Debug|Any CPU
		{F2BB45E5-BC28-48D5-AB89-B54DDB4DF465}.Debug|x64.Build.0 = Debug|Any CPU
		{F2BB45E5-BC28-48D5-AB89-B54DDB4DF465}.Debug|x86.ActiveCfg = Debug|Any CPU
		{F2BB45E5-BC28-48D5-AB89-B54DDB4DF465}.Debug|x86.Build.0 = Debug|Any CPU
		{F2BB45E5-BC28-48D5-AB89-B54DDB4DF465}.Release|Any CPU.ActiveCfg = Release|Any CPU
		{F2BB45E5-BC28-48D5-AB89-B54DDB4DF465}.Release|Any CPU.Build.0 = Release|Any CPU
		{F2BB45E5-BC28-48D5-AB89-B54DDB4DF465}.Release|ARM64.ActiveCfg = Release|Any CPU
		{F2BB45E5-BC28-48D5-AB89-B54DDB4DF465}.Release|ARM64.Build.0 = Release|Any CPU
		{F2BB45E5-BC28-48D5-AB89-B54DDB4DF465}.Release|x64.ActiveCfg = Release|Any CPU
		{F2BB45E5-BC28-48D5-AB89-B54DDB4DF465}.Release|x64.Build.0 = Release|Any CPU
		{F2BB45E5-BC28-48D5-AB89-B54DDB4DF465}.Release|x86.ActiveCfg = Release|Any CPU
		{F2BB45E5-BC28-48D5-AB89-B54DDB4DF465}.Release|x86.Build.0 = Release|Any CPU
	EndGlobalSection
	GlobalSection(SolutionProperties) = preSolution
		HideSolutionNode = FALSE
	EndGlobalSection
	GlobalSection(ExtensibilityGlobals) = postSolution
		SolutionGuid = {20E6FD03-9002-4EBA-ABF2-9DDE2C488842}
	EndGlobalSection
	GlobalSection(NestedProjects) = preSolution
		{C9DFAC86-FBC3-4FE6-B0F3-6125AEDDB67B} = {71734B47-2737-4884-97B3-B92CDEFDA0BF}
		{F2BB45E5-BC28-48D5-AB89-B54DDB4DF465} = {71734B47-2737-4884-97B3-B92CDEFDA0BF}
	EndGlobalSection
EndGlobal
