
Microsoft Visual Studio Solution File, Format Version 12.00
# Visual Studio Version 17
VisualStudioVersion = 17.5.002.0
MinimumVisualStudioVersion = 10.0.40219.1
Project("{2150E333-8FDC-42A3-9474-1A3956D46DE8}") = "Sample.AppAspire", "Sample.AppAspire", "{66EFE7FA-5C95-465B-A7DA-486E6F130C33}"
EndProject
Project("{FAE04EC0-301F-11D3-BF4B-00C04F79EFBC}") = "Sample.AppAspire.AppHost", "..\Sample.AppAspire\Sample.AppAspire.AppHost\Sample.AppAspire.AppHost.csproj", "{9B64333E-262F-4C7D-9927-A2B1B8256E02}"
EndProject
Project("{FAE04EC0-301F-11D3-BF4B-00C04F79EFBC}") = "Sample.AppAspire.ServiceDefaults", "..\Sample.AppAspire\Sample.AppAspire.ServiceDefaults\Sample.AppAspire.ServiceDefaults.csproj", "{E3F4AE40-7AE2-42C4-BF7E-2C30F323826A}"
EndProject
Project("{FAE04EC0-301F-11D3-BF4B-00C04F79EFBC}") = "Sample.Blazor.MAUI.Hybrid.Web.FluentUI.MAUI", "Sample.Blazor.MAUI.Hybrid.Web.FluentUI.MAUI\Sample.Blazor.MAUI.Hybrid.Web.FluentUI.MAUI.csproj", "{715A9F75-D913-4E14-A7B0-1EDE75EB6289}"
EndProject
Project("{FAE04EC0-301F-11D3-BF4B-00C04F79EFBC}") = "Sample.Blazor.MAUI.Hybrid.Web.FluentUI.Web", "Sample.Blazor.MAUI.Hybrid.Web.FluentUI.Web\Sample.Blazor.MAUI.Hybrid.Web.FluentUI.Web.csproj", "{3334B221-6E94-4C04-86D9-3F1ED6AD5274}"
EndProject
Project("{FAE04EC0-301F-11D3-BF4B-00C04F79EFBC}") = "Sample.Blazor.MAUI.Hybrid.Web.FluentUI.Shared", "Sample.Blazor.MAUI.Hybrid.Web.FluentUI.Shared\Sample.Blazor.MAUI.Hybrid.Web.FluentUI.Shared.csproj", "{16D22A2A-EE84-469B-BEE6-04919A4F8428}"
EndProject
Project("{FAE04EC0-301F-11D3-BF4B-00C04F79EFBC}") = "Sample.Blazor.MAUI.Hybrid.Web.FluentUI.Web.WASM", "Sample.Blazor.MAUI.Hybrid.Web.FluentUI.Web.WASM\Sample.Blazor.MAUI.Hybrid.Web.FluentUI.Web.WASM.csproj", "{98949AD2-DE48-497E-B493-61BB19058DB0}"
EndProject
Project("{FAE04EC0-301F-11D3-BF4B-00C04F79EFBC}") = "Sample.Blazor.MAUI.Hybrid.Web.FluentUI.Web.WASM.PWA", "Sample.Blazor.MAUI.Hybrid.Web.FluentUI.Web.WASM.PWA\Sample.Blazor.MAUI.Hybrid.Web.FluentUI.Web.WASM.PWA.csproj", "{9C14B992-401D-4BBF-AD0D-B838F268CC87}"
EndProject
Global
	GlobalSection(SolutionConfigurationPlatforms) = preSolution
		Debug|Any CPU = Debug|Any CPU
		Debug|ARM64 = Debug|ARM64
		Debug|x64 = Debug|x64
		Debug|x86 = Debug|x86
		Release|Any CPU = Release|Any CPU
		Release|ARM64 = Release|ARM64
		Release|x64 = Release|x64
		Release|x86 = Release|x86
	EndGlobalSection
	GlobalSection(ProjectConfigurationPlatforms) = postSolution
		{9E30318E-74DD-491B-9BAF-814DC9E892B8}.Debug|Any CPU.ActiveCfg = Debug|Any CPU
		{9E30318E-74DD-491B-9BAF-814DC9E892B8}.Debug|Any CPU.Build.0 = Debug|Any CPU
		{9E30318E-74DD-491B-9BAF-814DC9E892B8}.Debug|Any CPU.Deploy.0 = Debug|Any CPU
		{9E30318E-74DD-491B-9BAF-814DC9E892B8}.Debug|ARM64.ActiveCfg = Debug|Any CPU
		{9E30318E-74DD-491B-9BAF-814DC9E892B8}.Debug|ARM64.Build.0 = Debug|Any CPU
		{9E30318E-74DD-491B-9BAF-814DC9E892B8}.Debug|ARM64.Deploy.0 = Debug|Any CPU
		{9E30318E-74DD-491B-9BAF-814DC9E892B8}.Debug|x64.ActiveCfg = Debug|Any CPU
		{9E30318E-74DD-491B-9BAF-814DC9E892B8}.Debug|x64.Build.0 = Debug|Any CPU
		{9E30318E-74DD-491B-9BAF-814DC9E892B8}.Debug|x64.Deploy.0 = Debug|Any CPU
		{9E30318E-74DD-491B-9BAF-814DC9E892B8}.Debug|x86.ActiveCfg = Debug|Any CPU
		{9E30318E-74DD-491B-9BAF-814DC9E892B8}.Debug|x86.Build.0 = Debug|Any CPU
		{9E30318E-74DD-491B-9BAF-814DC9E892B8}.Debug|x86.Deploy.0 = Debug|Any CPU
		{9E30318E-74DD-491B-9BAF-814DC9E892B8}.Release|Any CPU.ActiveCfg = Release|Any CPU
		{9E30318E-74DD-491B-9BAF-814DC9E892B8}.Release|Any CPU.Build.0 = Release|Any CPU
		{9E30318E-74DD-491B-9BAF-814DC9E892B8}.Release|Any CPU.Deploy.0 = Release|Any CPU
		{9E30318E-74DD-491B-9BAF-814DC9E892B8}.Release|ARM64.ActiveCfg = Release|Any CPU
		{9E30318E-74DD-491B-9BAF-814DC9E892B8}.Release|ARM64.Build.0 = Release|Any CPU
		{9E30318E-74DD-491B-9BAF-814DC9E892B8}.Release|ARM64.Deploy.0 = Release|Any CPU
		{9E30318E-74DD-491B-9BAF-814DC9E892B8}.Release|x64.ActiveCfg = Release|Any CPU
		{9E30318E-74DD-491B-9BAF-814DC9E892B8}.Release|x64.Build.0 = Release|Any CPU
		{9E30318E-74DD-491B-9BAF-814DC9E892B8}.Release|x64.Deploy.0 = Release|Any CPU
		{9E30318E-74DD-491B-9BAF-814DC9E892B8}.Release|x86.ActiveCfg = Release|Any CPU
		{9E30318E-74DD-491B-9BAF-814DC9E892B8}.Release|x86.Build.0 = Release|Any CPU
		{9E30318E-74DD-491B-9BAF-814DC9E892B8}.Release|x86.Deploy.0 = Release|Any CPU
		{9B64333E-262F-4C7D-9927-A2B1B8256E02}.Debug|Any CPU.ActiveCfg = Debug|Any CPU
		{9B64333E-262F-4C7D-9927-A2B1B8256E02}.Debug|Any CPU.Build.0 = Debug|Any CPU
		{9B64333E-262F-4C7D-9927-A2B1B8256E02}.Debug|ARM64.ActiveCfg = Debug|Any CPU
		{9B64333E-262F-4C7D-9927-A2B1B8256E02}.Debug|ARM64.Build.0 = Debug|Any CPU
		{9B64333E-262F-4C7D-9927-A2B1B8256E02}.Debug|x64.ActiveCfg = Debug|Any CPU
		{9B64333E-262F-4C7D-9927-A2B1B8256E02}.Debug|x64.Build.0 = Debug|Any CPU
		{9B64333E-262F-4C7D-9927-A2B1B8256E02}.Debug|x86.ActiveCfg = Debug|Any CPU
		{9B64333E-262F-4C7D-9927-A2B1B8256E02}.Debug|x86.Build.0 = Debug|Any CPU
		{9B64333E-262F-4C7D-9927-A2B1B8256E02}.Release|Any CPU.ActiveCfg = Release|Any CPU
		{9B64333E-262F-4C7D-9927-A2B1B8256E02}.Release|Any CPU.Build.0 = Release|Any CPU
		{9B64333E-262F-4C7D-9927-A2B1B8256E02}.Release|ARM64.ActiveCfg = Release|Any CPU
		{9B64333E-262F-4C7D-9927-A2B1B8256E02}.Release|ARM64.Build.0 = Release|Any CPU
		{9B64333E-262F-4C7D-9927-A2B1B8256E02}.Release|x64.ActiveCfg = Release|Any CPU
		{9B64333E-262F-4C7D-9927-A2B1B8256E02}.Release|x64.Build.0 = Release|Any CPU
		{9B64333E-262F-4C7D-9927-A2B1B8256E02}.Release|x86.ActiveCfg = Release|Any CPU
		{9B64333E-262F-4C7D-9927-A2B1B8256E02}.Release|x86.Build.0 = Release|Any CPU
		{E3F4AE40-7AE2-42C4-BF7E-2C30F323826A}.Debug|Any CPU.ActiveCfg = Debug|Any CPU
		{E3F4AE40-7AE2-42C4-BF7E-2C30F323826A}.Debug|Any CPU.Build.0 = Debug|Any CPU
		{E3F4AE40-7AE2-42C4-BF7E-2C30F323826A}.Debug|ARM64.ActiveCfg = Debug|Any CPU
		{E3F4AE40-7AE2-42C4-BF7E-2C30F323826A}.Debug|ARM64.Build.0 = Debug|Any CPU
		{E3F4AE40-7AE2-42C4-BF7E-2C30F323826A}.Debug|x64.ActiveCfg = Debug|Any CPU
		{E3F4AE40-7AE2-42C4-BF7E-2C30F323826A}.Debug|x64.Build.0 = Debug|Any CPU
		{E3F4AE40-7AE2-42C4-BF7E-2C30F323826A}.Debug|x86.ActiveCfg = Debug|Any CPU
		{E3F4AE40-7AE2-42C4-BF7E-2C30F323826A}.Debug|x86.Build.0 = Debug|Any CPU
		{E3F4AE40-7AE2-42C4-BF7E-2C30F323826A}.Release|Any CPU.ActiveCfg = Release|Any CPU
		{E3F4AE40-7AE2-42C4-BF7E-2C30F323826A}.Release|Any CPU.Build.0 = Release|Any CPU
		{E3F4AE40-7AE2-42C4-BF7E-2C30F323826A}.Release|ARM64.ActiveCfg = Release|Any CPU
		{E3F4AE40-7AE2-42C4-BF7E-2C30F323826A}.Release|ARM64.Build.0 = Release|Any CPU
		{E3F4AE40-7AE2-42C4-BF7E-2C30F323826A}.Release|x64.ActiveCfg = Release|Any CPU
		{E3F4AE40-7AE2-42C4-BF7E-2C30F323826A}.Release|x64.Build.0 = Release|Any CPU
		{E3F4AE40-7AE2-42C4-BF7E-2C30F323826A}.Release|x86.ActiveCfg = Release|Any CPU
		{E3F4AE40-7AE2-42C4-BF7E-2C30F323826A}.Release|x86.Build.0 = Release|Any CPU
		{715A9F75-D913-4E14-A7B0-1EDE75EB6289}.Debug|Any CPU.ActiveCfg = Debug|Any CPU
		{715A9F75-D913-4E14-A7B0-1EDE75EB6289}.Debug|Any CPU.Build.0 = Debug|Any CPU
		{715A9F75-D913-4E14-A7B0-1EDE75EB6289}.Debug|ARM64.ActiveCfg = Debug|Any CPU
		{715A9F75-D913-4E14-A7B0-1EDE75EB6289}.Debug|ARM64.Build.0 = Debug|Any CPU
		{715A9F75-D913-4E14-A7B0-1EDE75EB6289}.Debug|x64.ActiveCfg = Debug|Any CPU
		{715A9F75-D913-4E14-A7B0-1EDE75EB6289}.Debug|x64.Build.0 = Debug|Any CPU
		{715A9F75-D913-4E14-A7B0-1EDE75EB6289}.Debug|x86.ActiveCfg = Debug|Any CPU
		{715A9F75-D913-4E14-A7B0-1EDE75EB6289}.Debug|x86.Build.0 = Debug|Any CPU
		{715A9F75-D913-4E14-A7B0-1EDE75EB6289}.Release|Any CPU.ActiveCfg = Release|Any CPU
		{715A9F75-D913-4E14-A7B0-1EDE75EB6289}.Release|Any CPU.Build.0 = Release|Any CPU
		{715A9F75-D913-4E14-A7B0-1EDE75EB6289}.Release|ARM64.ActiveCfg = Release|Any CPU
		{715A9F75-D913-4E14-A7B0-1EDE75EB6289}.Release|ARM64.Build.0 = Release|Any CPU
		{715A9F75-D913-4E14-A7B0-1EDE75EB6289}.Release|x64.ActiveCfg = Release|Any CPU
		{715A9F75-D913-4E14-A7B0-1EDE75EB6289}.Release|x64.Build.0 = Release|Any CPU
		{715A9F75-D913-4E14-A7B0-1EDE75EB6289}.Release|x86.ActiveCfg = Release|Any CPU
		{715A9F75-D913-4E14-A7B0-1EDE75EB6289}.Release|x86.Build.0 = Release|Any CPU
		{3334B221-6E94-4C04-86D9-3F1ED6AD5274}.Debug|Any CPU.ActiveCfg = Debug|Any CPU
		{3334B221-6E94-4C04-86D9-3F1ED6AD5274}.Debug|Any CPU.Build.0 = Debug|Any CPU
		{3334B221-6E94-4C04-86D9-3F1ED6AD5274}.Debug|ARM64.ActiveCfg = Debug|Any CPU
		{3334B221-6E94-4C04-86D9-3F1ED6AD5274}.Debug|ARM64.Build.0 = Debug|Any CPU
		{3334B221-6E94-4C04-86D9-3F1ED6AD5274}.Debug|x64.ActiveCfg = Debug|Any CPU
		{3334B221-6E94-4C04-86D9-3F1ED6AD5274}.Debug|x64.Build.0 = Debug|Any CPU
		{3334B221-6E94-4C04-86D9-3F1ED6AD5274}.Debug|x86.ActiveCfg = Debug|Any CPU
		{3334B221-6E94-4C04-86D9-3F1ED6AD5274}.Debug|x86.Build.0 = Debug|Any CPU
		{3334B221-6E94-4C04-86D9-3F1ED6AD5274}.Release|Any CPU.ActiveCfg = Release|Any CPU
		{3334B221-6E94-4C04-86D9-3F1ED6AD5274}.Release|Any CPU.Build.0 = Release|Any CPU
		{3334B221-6E94-4C04-86D9-3F1ED6AD5274}.Release|ARM64.ActiveCfg = Release|Any CPU
		{3334B221-6E94-4C04-86D9-3F1ED6AD5274}.Release|ARM64.Build.0 = Release|Any CPU
		{3334B221-6E94-4C04-86D9-3F1ED6AD5274}.Release|x64.ActiveCfg = Release|Any CPU
		{3334B221-6E94-4C04-86D9-3F1ED6AD5274}.Release|x64.Build.0 = Release|Any CPU
		{3334B221-6E94-4C04-86D9-3F1ED6AD5274}.Release|x86.ActiveCfg = Release|Any CPU
		{3334B221-6E94-4C04-86D9-3F1ED6AD5274}.Release|x86.Build.0 = Release|Any CPU
		{16D22A2A-EE84-469B-BEE6-04919A4F8428}.Debug|Any CPU.ActiveCfg = Debug|Any CPU
		{16D22A2A-EE84-469B-BEE6-04919A4F8428}.Debug|Any CPU.Build.0 = Debug|Any CPU
		{16D22A2A-EE84-469B-BEE6-04919A4F8428}.Debug|ARM64.ActiveCfg = Debug|Any CPU
		{16D22A2A-EE84-469B-BEE6-04919A4F8428}.Debug|ARM64.Build.0 = Debug|Any CPU
		{16D22A2A-EE84-469B-BEE6-04919A4F8428}.Debug|x64.ActiveCfg = Debug|Any CPU
		{16D22A2A-EE84-469B-BEE6-04919A4F8428}.Debug|x64.Build.0 = Debug|Any CPU
		{16D22A2A-EE84-469B-BEE6-04919A4F8428}.Debug|x86.ActiveCfg = Debug|Any CPU
		{16D22A2A-EE84-469B-BEE6-04919A4F8428}.Debug|x86.Build.0 = Debug|Any CPU
		{16D22A2A-EE84-469B-BEE6-04919A4F8428}.Release|Any CPU.ActiveCfg = Release|Any CPU
		{16D22A2A-EE84-469B-BEE6-04919A4F8428}.Release|Any CPU.Build.0 = Release|Any CPU
		{16D22A2A-EE84-469B-BEE6-04919A4F8428}.Release|ARM64.ActiveCfg = Release|Any CPU
		{16D22A2A-EE84-469B-BEE6-04919A4F8428}.Release|ARM64.Build.0 = Release|Any CPU
		{16D22A2A-EE84-469B-BEE6-04919A4F8428}.Release|x64.ActiveCfg = Release|Any CPU
		{16D22A2A-EE84-469B-BEE6-04919A4F8428}.Release|x64.Build.0 = Release|Any CPU
		{16D22A2A-EE84-469B-BEE6-04919A4F8428}.Release|x86.ActiveCfg = Release|Any CPU
		{16D22A2A-EE84-469B-BEE6-04919A4F8428}.Release|x86.Build.0 = Release|Any CPU
		{98949AD2-DE48-497E-B493-61BB19058DB0}.Debug|Any CPU.ActiveCfg = Debug|Any CPU
		{98949AD2-DE48-497E-B493-61BB19058DB0}.Debug|Any CPU.Build.0 = Debug|Any CPU
		{98949AD2-DE48-497E-B493-61BB19058DB0}.Debug|ARM64.ActiveCfg = Debug|Any CPU
		{98949AD2-DE48-497E-B493-61BB19058DB0}.Debug|ARM64.Build.0 = Debug|Any CPU
		{98949AD2-DE48-497E-B493-61BB19058DB0}.Debug|x64.ActiveCfg = Debug|Any CPU
		{98949AD2-DE48-497E-B493-61BB19058DB0}.Debug|x64.Build.0 = Debug|Any CPU
		{98949AD2-DE48-497E-B493-61BB19058DB0}.Debug|x86.ActiveCfg = Debug|Any CPU
		{98949AD2-DE48-497E-B493-61BB19058DB0}.Debug|x86.Build.0 = Debug|Any CPU
		{98949AD2-DE48-497E-B493-61BB19058DB0}.Release|Any CPU.ActiveCfg = Release|Any CPU
		{98949AD2-DE48-497E-B493-61BB19058DB0}.Release|Any CPU.Build.0 = Release|Any CPU
		{98949AD2-DE48-497E-B493-61BB19058DB0}.Release|ARM64.ActiveCfg = Release|Any CPU
		{98949AD2-DE48-497E-B493-61BB19058DB0}.Release|ARM64.Build.0 = Release|Any CPU
		{98949AD2-DE48-497E-B493-61BB19058DB0}.Release|x64.ActiveCfg = Release|Any CPU
		{98949AD2-DE48-497E-B493-61BB19058DB0}.Release|x64.Build.0 = Release|Any CPU
		{98949AD2-DE48-497E-B493-61BB19058DB0}.Release|x86.ActiveCfg = Release|Any CPU
		{98949AD2-DE48-497E-B493-61BB19058DB0}.Release|x86.Build.0 = Release|Any CPU
		{9C14B992-401D-4BBF-AD0D-B838F268CC87}.Debug|Any CPU.ActiveCfg = Debug|Any CPU
		{9C14B992-401D-4BBF-AD0D-B838F268CC87}.Debug|Any CPU.Build.0 = Debug|Any CPU
		{9C14B992-401D-4BBF-AD0D-B838F268CC87}.Debug|ARM64.ActiveCfg = Debug|Any CPU
		{9C14B992-401D-4BBF-AD0D-B838F268CC87}.Debug|ARM64.Build.0 = Debug|Any CPU
		{9C14B992-401D-4BBF-AD0D-B838F268CC87}.Debug|x64.ActiveCfg = Debug|Any CPU
		{9C14B992-401D-4BBF-AD0D-B838F268CC87}.Debug|x64.Build.0 = Debug|Any CPU
		{9C14B992-401D-4BBF-AD0D-B838F268CC87}.Debug|x86.ActiveCfg = Debug|Any CPU
		{9C14B992-401D-4BBF-AD0D-B838F268CC87}.Debug|x86.Build.0 = Debug|Any CPU
		{9C14B992-401D-4BBF-AD0D-B838F268CC87}.Release|Any CPU.ActiveCfg = Release|Any CPU
		{9C14B992-401D-4BBF-AD0D-B838F268CC87}.Release|Any CPU.Build.0 = Release|Any CPU
		{9C14B992-401D-4BBF-AD0D-B838F268CC87}.Release|ARM64.ActiveCfg = Release|Any CPU
		{9C14B992-401D-4BBF-AD0D-B838F268CC87}.Release|ARM64.Build.0 = Release|Any CPU
		{9C14B992-401D-4BBF-AD0D-B838F268CC87}.Release|x64.ActiveCfg = Release|Any CPU
		{9C14B992-401D-4BBF-AD0D-B838F268CC87}.Release|x64.Build.0 = Release|Any CPU
		{9C14B992-401D-4BBF-AD0D-B838F268CC87}.Release|x86.ActiveCfg = Release|Any CPU
		{9C14B992-401D-4BBF-AD0D-B838F268CC87}.Release|x86.Build.0 = Release|Any CPU
	EndGlobalSection
	GlobalSection(SolutionProperties) = preSolution
		HideSolutionNode = FALSE
	EndGlobalSection
	GlobalSection(ExtensibilityGlobals) = postSolution
		SolutionGuid = {20E6FD03-9002-4EBA-ABF2-9DDE2C488842}
	EndGlobalSection
	GlobalSection(NestedProjects) = preSolution
		{9B64333E-262F-4C7D-9927-A2B1B8256E02} = {66EFE7FA-5C95-465B-A7DA-486E6F130C33}
		{E3F4AE40-7AE2-42C4-BF7E-2C30F323826A} = {66EFE7FA-5C95-465B-A7DA-486E6F130C33}
	EndGlobalSection
EndGlobal
